
Microsoft Visual Studio Solution File, Format Version 12.00
# Visual Studio Version 17
VisualStudioVersion = 17.12.35707.178 d17.12
MinimumVisualStudioVersion = 10.0.40219.1
Project("{FAE04EC0-301F-11D3-BF4B-00C04F79EFBC}") = "ProjectApi", "ProjectApi\ProjectApi.csproj", "{CAD2B47D-6297-472E-A39E-E67A070DB7F5}"
EndProject
Project("{FAE04EC0-301F-11D3-BF4B-00C04F79EFBC}") = "Data", "Data\Data.csproj", "{D44B2D5A-5D7B-45EB-B33E-3878513583B6}"
EndProject
Project("{FAE04EC0-301F-11D3-BF4B-00C04F79EFBC}") = "Business", "Business\Business.csproj", "{4B301A2E-6573-46DA-8FC1-7C4E2765A74B}"
EndProject
Global
	GlobalSection(SolutionConfigurationPlatforms) = preSolution
		Debug|Any CPU = Debug|Any CPU
		Release|Any CPU = Release|Any CPU
	EndGlobalSection
	GlobalSection(ProjectConfigurationPlatforms) = postSolution
		{CAD2B47D-6297-472E-A39E-E67A070DB7F5}.Debug|Any CPU.ActiveCfg = Debug|Any CPU
		{CAD2B47D-6297-472E-A39E-E67A070DB7F5}.Debug|Any CPU.Build.0 = Debug|Any CPU
		{CAD2B47D-6297-472E-A39E-E67A070DB7F5}.Release|Any CPU.ActiveCfg = Release|Any CPU
		{CAD2B47D-6297-472E-A39E-E67A070DB7F5}.Release|Any CPU.Build.0 = Release|Any CPU
		{D44B2D5A-5D7B-45EB-B33E-3878513583B6}.Debug|Any CPU.ActiveCfg = Debug|Any CPU
		{D44B2D5A-5D7B-45EB-B33E-3878513583B6}.Debug|Any CPU.Build.0 = Debug|Any CPU
		{D44B2D5A-5D7B-45EB-B33E-3878513583B6}.Release|Any CPU.ActiveCfg = Release|Any CPU
		{D44B2D5A-5D7B-45EB-B33E-3878513583B6}.Release|Any CPU.Build.0 = Release|Any CPU
		{4B301A2E-6573-46DA-8FC1-7C4E2765A74B}.Debug|Any CPU.ActiveCfg = Debug|Any CPU
		{4B301A2E-6573-46DA-8FC1-7C4E2765A74B}.Debug|Any CPU.Build.0 = Debug|Any CPU
		{4B301A2E-6573-46DA-8FC1-7C4E2765A74B}.Release|Any CPU.ActiveCfg = Release|Any CPU
		{4B301A2E-6573-46DA-8FC1-7C4E2765A74B}.Release|Any CPU.Build.0 = Release|Any CPU
	EndGlobalSection
	GlobalSection(SolutionProperties) = preSolution
		HideSolutionNode = FALSE
	EndGlobalSection
EndGlobal
